Microsoft Visual Studio Solution File, Format Version 12.00
# Visual Studio Version 17
VisualStudioVersion = 17.2.32210.308
MinimumVisualStudioVersion = 15.0.26124.0
Project("{2150E333-8FDC-42A3-9474-1A3956D46DE8}") = "Source", "Source", "{A649305A-C80C-499C-A516-E3E0677DBCD0}"
EndProject
Project("{2150E333-8FDC-42A3-9474-1A3956D46DE8}") = "Platforms", "Platforms", "{185D6C12-0557-43D2-9352-DA55B1E64427}"
EndProject
Project("{2150E333-8FDC-42A3-9474-1A3956D46DE8}") = "Backend", "Backend", "{11703212-DDB9-43ED-A7DD-B4BF2778E9A1}"
EndProject
Project("{2150E333-8FDC-42A3-9474-1A3956D46DE8}") = "Tests", "Tests", "{53762EC9-8267-44D3-983A-FE02B546BC8D}"
EndProject
Project("{9A19103F-16F7-4668-BE54-9A1E7A4F7556}") = "GrapeCityEmbeddingSample", "GrapeCityEmbeddingSample\GrapeCityEmbeddingSample.csproj", "{9DECFDF3-2869-4045-8691-0C560A1384C9}"
EndProject
Project("{9A19103F-16F7-4668-BE54-9A1E7A4F7556}") = "GrapeCityEmbeddingSample.Base", "GrapeCityEmbeddingSample.Base\GrapeCityEmbeddingSample.Base.csproj", "{2189102C-8698-4760-A2C5-ADED686F84E2}"
EndProject
Project("{9A19103F-16F7-4668-BE54-9A1E7A4F7556}") = "GrapeCityEmbeddingSample.Mobile", "GrapeCityEmbeddingSample.Mobile\GrapeCityEmbeddingSample.Mobile.csproj", "{54633548-33EA-4294-95E4-E20BEBEDAA3E}"
EndProject
Project("{9A19103F-16F7-4668-BE54-9A1E7A4F7556}") = "GrapeCityEmbeddingSample.Windows", "GrapeCityEmbeddingSample.Windows\GrapeCityEmbeddingSample.Windows.csproj", "{8B354394-6A72-4A2F-85AF-9FFDADDC0360}"
EndProject
Project("{9A19103F-16F7-4668-BE54-9A1E7A4F7556}") = "GrapeCityEmbeddingSample.Server", "GrapeCityEmbeddingSample.Server\GrapeCityEmbeddingSample.Server.csproj", "{8F1E5355-ACFA-46E3-8E6B-E4AF8902F408}"
EndProject
Project("{9A19103F-16F7-4668-BE54-9A1E7A4F7556}") = "GrapeCityEmbeddingSample.DataContracts", "GrapeCityEmbeddingSample.DataContracts\GrapeCityEmbeddingSample.DataContracts.csproj", "{1E81BD0F-64CA-4164-8BC4-F3DFBE6138E9}"
EndProject
Project("{9A19103F-16F7-4668-BE54-9A1E7A4F7556}") = "GrapeCityEmbeddingSample.MauiControls", "GrapeCityEmbeddingSample.MauiControls\GrapeCityEmbeddingSample.MauiControls.csproj", "{F70B003B-F8E5-49CE-A3B6-DB8454AB9F78}"
EndProject
Project("{9A19103F-16F7-4668-BE54-9A1E7A4F7556}") = "GrapeCityEmbeddingSample.Tests", "GrapeCityEmbeddingSample.Tests\GrapeCityEmbeddingSample.Tests.csproj", "{C7A9B601-A289-4CE0-927E-21A3C9393931}"
EndProject
Project("{9A19103F-16F7-4668-BE54-9A1E7A4F7556}") = "GrapeCityEmbeddingSample.UITests", "GrapeCityEmbeddingSample.UITests\GrapeCityEmbeddingSample.UITests.csproj", "{DA733F8B-9D76-4766-85E8-67DBF11D38E4}"
EndProject
Project("{2150E333-8FDC-42A3-9474-1A3956D46DE8}") = "Solution Items", "Solution Items", "{BADA71DC-7FFD-4EDC-9F28-FB74AEADC713}"
	ProjectSection(SolutionItems) = preProject
		.gitignore = .gitignore
		Directory.Build.props = Directory.Build.props
		Directory.Build.targets = Directory.Build.targets
		Directory.Packages.props = Directory.Packages.props
		solution-config.props = solution-config.props
	EndProjectSection
EndProject
Global
	GlobalSection(SolutionConfigurationPlatforms) = preSolution
		Debug|Any CPU = Debug|Any CPU
		Debug|ARM = Debug|ARM
		Debug|ARM64 = Debug|ARM64
		Debug|iPhone = Debug|iPhone
		Debug|iPhoneSimulator = Debug|iPhoneSimulator
		Debug|x64 = Debug|x64
		Debug|x86 = Debug|x86
		Release|Any CPU = Release|Any CPU
		Release|ARM = Release|ARM
		Release|ARM64 = Release|ARM64
		Release|iPhone = Release|iPhone
		Release|iPhoneSimulator = Release|iPhoneSimulator
		Release|x64 = Release|x64
		Release|x86 = Release|x86
	EndGlobalSection
	GlobalSection(ProjectConfigurationPlatforms) = postSolution
		{9DECFDF3-2869-4045-8691-0C560A1384C9}.Debug|Any CPU.ActiveCfg = Debug|Any CPU
		{9DECFDF3-2869-4045-8691-0C560A1384C9}.Debug|Any CPU.Build.0 = Debug|Any CPU
		{9DECFDF3-2869-4045-8691-0C560A1384C9}.Debug|ARM.ActiveCfg = Debug|Any CPU
		{9DECFDF3-2869-4045-8691-0C560A1384C9}.Debug|ARM.Build.0 = Debug|Any CPU
		{9DECFDF3-2869-4045-8691-0C560A1384C9}.Debug|ARM64.ActiveCfg = Debug|Any CPU
		{9DECFDF3-2869-4045-8691-0C560A1384C9}.Debug|ARM64.Build.0 = Debug|Any CPU
		{9DECFDF3-2869-4045-8691-0C560A1384C9}.Debug|iPhone.ActiveCfg = Debug|Any CPU
		{9DECFDF3-2869-4045-8691-0C560A1384C9}.Debug|iPhone.Build.0 = Debug|Any CPU
		{9DECFDF3-2869-4045-8691-0C560A1384C9}.Debug|iPhoneSimulator.ActiveCfg = Debug|Any CPU
		{9DECFDF3-2869-4045-8691-0C560A1384C9}.Debug|iPhoneSimulator.Build.0 = Debug|Any CPU
		{9DECFDF3-2869-4045-8691-0C560A1384C9}.Debug|x64.ActiveCfg = Debug|Any CPU
		{9DECFDF3-2869-4045-8691-0C560A1384C9}.Debug|x64.Build.0 = Debug|Any CPU
		{9DECFDF3-2869-4045-8691-0C560A1384C9}.Debug|x86.ActiveCfg = Debug|Any CPU
		{9DECFDF3-2869-4045-8691-0C560A1384C9}.Debug|x86.Build.0 = Debug|Any CPU
		{9DECFDF3-2869-4045-8691-0C560A1384C9}.Release|Any CPU.ActiveCfg = Release|Any CPU
		{9DECFDF3-2869-4045-8691-0C560A1384C9}.Release|Any CPU.Build.0 = Release|Any CPU
		{9DECFDF3-2869-4045-8691-0C560A1384C9}.Release|ARM.ActiveCfg = Release|Any CPU
		{9DECFDF3-2869-4045-8691-0C560A1384C9}.Release|ARM.Build.0 = Release|Any CPU
		{9DECFDF3-2869-4045-8691-0C560A1384C9}.Release|ARM64.ActiveCfg = Release|Any CPU
		{9DECFDF3-2869-4045-8691-0C560A1384C9}.Release|ARM64.Build.0 = Release|Any CPU
		{9DECFDF3-2869-4045-8691-0C560A1384C9}.Release|iPhone.ActiveCfg = Release|Any CPU
		{9DECFDF3-2869-4045-8691-0C560A1384C9}.Release|iPhone.Build.0 = Release|Any CPU
		{9DECFDF3-2869-4045-8691-0C560A1384C9}.Release|iPhoneSimulator.ActiveCfg = Release|Any CPU
		{9DECFDF3-2869-4045-8691-0C560A1384C9}.Release|iPhoneSimulator.Build.0 = Release|Any CPU
		{9DECFDF3-2869-4045-8691-0C560A1384C9}.Release|x64.ActiveCfg = Release|Any CPU
		{9DECFDF3-2869-4045-8691-0C560A1384C9}.Release|x64.Build.0 = Release|Any CPU
		{9DECFDF3-2869-4045-8691-0C560A1384C9}.Release|x86.ActiveCfg = Release|Any CPU
		{9DECFDF3-2869-4045-8691-0C560A1384C9}.Release|x86.Build.0 = Release|Any CPU
		{2189102C-8698-4760-A2C5-ADED686F84E2}.Debug|Any CPU.ActiveCfg = Debug|Any CPU
		{2189102C-8698-4760-A2C5-ADED686F84E2}.Debug|Any CPU.Build.0 = Debug|Any CPU
		{2189102C-8698-4760-A2C5-ADED686F84E2}.Debug|ARM.ActiveCfg = Debug|Any CPU
		{2189102C-8698-4760-A2C5-ADED686F84E2}.Debug|ARM.Build.0 = Debug|Any CPU
		{2189102C-8698-4760-A2C5-ADED686F84E2}.Debug|ARM64.ActiveCfg = Debug|Any CPU
		{2189102C-8698-4760-A2C5-ADED686F84E2}.Debug|ARM64.Build.0 = Debug|Any CPU
		{2189102C-8698-4760-A2C5-ADED686F84E2}.Debug|iPhone.ActiveCfg = Debug|Any CPU
		{2189102C-8698-4760-A2C5-ADED686F84E2}.Debug|iPhone.Build.0 = Debug|Any CPU
		{2189102C-8698-4760-A2C5-ADED686F84E2}.Debug|iPhoneSimulator.ActiveCfg = Debug|Any CPU
		{2189102C-8698-4760-A2C5-ADED686F84E2}.Debug|iPhoneSimulator.Build.0 = Debug|Any CPU
		{2189102C-8698-4760-A2C5-ADED686F84E2}.Debug|x64.ActiveCfg = Debug|Any CPU
		{2189102C-8698-4760-A2C5-ADED686F84E2}.Debug|x64.Build.0 = Debug|Any CPU
		{2189102C-8698-4760-A2C5-ADED686F84E2}.Debug|x86.ActiveCfg = Debug|Any CPU
		{2189102C-8698-4760-A2C5-ADED686F84E2}.Debug|x86.Build.0 = Debug|Any CPU
		{2189102C-8698-4760-A2C5-ADED686F84E2}.Release|Any CPU.ActiveCfg = Release|Any CPU
		{2189102C-8698-4760-A2C5-ADED686F84E2}.Release|Any CPU.Build.0 = Release|Any CPU
		{2189102C-8698-4760-A2C5-ADED686F84E2}.Release|ARM.ActiveCfg = Release|Any CPU
		{2189102C-8698-4760-A2C5-ADED686F84E2}.Release|ARM.Build.0 = Release|Any CPU
		{2189102C-8698-4760-A2C5-ADED686F84E2}.Release|ARM64.ActiveCfg = Release|Any CPU
		{2189102C-8698-4760-A2C5-ADED686F84E2}.Release|ARM64.Build.0 = Release|Any CPU
		{2189102C-8698-4760-A2C5-ADED686F84E2}.Release|iPhone.ActiveCfg = Release|Any CPU
		{2189102C-8698-4760-A2C5-ADED686F84E2}.Release|iPhone.Build.0 = Release|Any CPU
		{2189102C-8698-4760-A2C5-ADED686F84E2}.Release|iPhoneSimulator.ActiveCfg = Release|Any CPU
		{2189102C-8698-4760-A2C5-ADED686F84E2}.Release|iPhoneSimulator.Build.0 = Release|Any CPU
		{2189102C-8698-4760-A2C5-ADED686F84E2}.Release|x64.ActiveCfg = Release|Any CPU
		{2189102C-8698-4760-A2C5-ADED686F84E2}.Release|x64.Build.0 = Release|Any CPU
		{2189102C-8698-4760-A2C5-ADED686F84E2}.Release|x86.ActiveCfg = Release|Any CPU
		{2189102C-8698-4760-A2C5-ADED686F84E2}.Release|x86.Build.0 = Release|Any CPU
		{54633548-33EA-4294-95E4-E20BEBEDAA3E}.Debug|Any CPU.ActiveCfg = Debug|Any CPU
		{54633548-33EA-4294-95E4-E20BEBEDAA3E}.Debug|Any CPU.Build.0 = Debug|Any CPU
		{54633548-33EA-4294-95E4-E20BEBEDAA3E}.Debug|Any CPU.Deploy.0 = Debug|Any CPU
		{54633548-33EA-4294-95E4-E20BEBEDAA3E}.Debug|ARM.ActiveCfg = Debug|Any CPU
		{54633548-33EA-4294-95E4-E20BEBEDAA3E}.Debug|ARM.Build.0 = Debug|Any CPU
		{54633548-33EA-4294-95E4-E20BEBEDAA3E}.Debug|ARM.Deploy.0 = Debug|Any CPU
		{54633548-33EA-4294-95E4-E20BEBEDAA3E}.Debug|ARM64.ActiveCfg = Debug|Any CPU
		{54633548-33EA-4294-95E4-E20BEBEDAA3E}.Debug|ARM64.Build.0 = Debug|Any CPU
		{54633548-33EA-4294-95E4-E20BEBEDAA3E}.Debug|ARM64.Deploy.0 = Debug|Any CPU
		{54633548-33EA-4294-95E4-E20BEBEDAA3E}.Debug|iPhone.ActiveCfg = Debug|Any CPU
		{54633548-33EA-4294-95E4-E20BEBEDAA3E}.Debug|iPhone.Build.0 = Debug|Any CPU
		{54633548-33EA-4294-95E4-E20BEBEDAA3E}.Debug|iPhone.Deploy.0 = Debug|Any CPU
		{54633548-33EA-4294-95E4-E20BEBEDAA3E}.Debug|iPhoneSimulator.ActiveCfg = Debug|Any CPU
		{54633548-33EA-4294-95E4-E20BEBEDAA3E}.Debug|iPhoneSimulator.Build.0 = Debug|Any CPU
		{54633548-33EA-4294-95E4-E20BEBEDAA3E}.Debug|iPhoneSimulator.Deploy.0 = Debug|Any CPU
		{54633548-33EA-4294-95E4-E20BEBEDAA3E}.Debug|x64.ActiveCfg = Debug|Any CPU
		{54633548-33EA-4294-95E4-E20BEBEDAA3E}.Debug|x64.Build.0 = Debug|Any CPU
		{54633548-33EA-4294-95E4-E20BEBEDAA3E}.Debug|x64.Deploy.0 = Debug|Any CPU
		{54633548-33EA-4294-95E4-E20BEBEDAA3E}.Debug|x86.ActiveCfg = Debug|Any CPU
		{54633548-33EA-4294-95E4-E20BEBEDAA3E}.Debug|x86.Build.0 = Debug|Any CPU
		{54633548-33EA-4294-95E4-E20BEBEDAA3E}.Debug|x86.Deploy.0 = Debug|Any CPU
		{54633548-33EA-4294-95E4-E20BEBEDAA3E}.Release|Any CPU.ActiveCfg = Release|Any CPU
		{54633548-33EA-4294-95E4-E20BEBEDAA3E}.Release|Any CPU.Build.0 = Release|Any CPU
		{54633548-33EA-4294-95E4-E20BEBEDAA3E}.Release|Any CPU.Deploy.0 = Release|Any CPU
		{54633548-33EA-4294-95E4-E20BEBEDAA3E}.Release|ARM.ActiveCfg = Release|Any CPU
		{54633548-33EA-4294-95E4-E20BEBEDAA3E}.Release|ARM.Build.0 = Release|Any CPU
		{54633548-33EA-4294-95E4-E20BEBEDAA3E}.Release|ARM.Deploy.0 = Release|Any CPU
		{54633548-33EA-4294-95E4-E20BEBEDAA3E}.Release|ARM64.ActiveCfg = Release|Any CPU
		{54633548-33EA-4294-95E4-E20BEBEDAA3E}.Release|ARM64.Build.0 = Release|Any CPU
		{54633548-33EA-4294-95E4-E20BEBEDAA3E}.Release|ARM64.Deploy.0 = Release|Any CPU
		{54633548-33EA-4294-95E4-E20BEBEDAA3E}.Release|iPhone.ActiveCfg = Release|Any CPU
		{54633548-33EA-4294-95E4-E20BEBEDAA3E}.Release|iPhone.Build.0 = Release|Any CPU
		{54633548-33EA-4294-95E4-E20BEBEDAA3E}.Release|iPhone.Deploy.0 = Release|Any CPU
		{54633548-33EA-4294-95E4-E20BEBEDAA3E}.Release|iPhoneSimulator.ActiveCfg = Release|Any CPU
		{54633548-33EA-4294-95E4-E20BEBEDAA3E}.Release|iPhoneSimulator.Build.0 = Release|Any CPU
		{54633548-33EA-4294-95E4-E20BEBEDAA3E}.Release|iPhoneSimulator.Deploy.0 = Release|Any CPU
		{54633548-33EA-4294-95E4-E20BEBEDAA3E}.Release|x64.ActiveCfg = Release|Any CPU
		{54633548-33EA-4294-95E4-E20BEBEDAA3E}.Release|x64.Build.0 = Release|Any CPU
		{54633548-33EA-4294-95E4-E20BEBEDAA3E}.Release|x64.Deploy.0 = Release|Any CPU
		{54633548-33EA-4294-95E4-E20BEBEDAA3E}.Release|x86.ActiveCfg = Release|Any CPU
		{54633548-33EA-4294-95E4-E20BEBEDAA3E}.Release|x86.Build.0 = Release|Any CPU
		{54633548-33EA-4294-95E4-E20BEBEDAA3E}.Release|x86.Deploy.0 = Release|Any CPU
		{8B354394-6A72-4A2F-85AF-9FFDADDC0360}.Debug|Any CPU.ActiveCfg = Debug|x64
		{8B354394-6A72-4A2F-85AF-9FFDADDC0360}.Debug|Any CPU.Build.0 = Debug|x64
		{8B354394-6A72-4A2F-85AF-9FFDADDC0360}.Debug|Any CPU.Deploy.0 = Debug|x64
		{8B354394-6A72-4A2F-85AF-9FFDADDC0360}.Debug|ARM.ActiveCfg = Debug|x64
		{8B354394-6A72-4A2F-85AF-9FFDADDC0360}.Debug|ARM.Build.0 = Debug|x64
		{8B354394-6A72-4A2F-85AF-9FFDADDC0360}.Debug|ARM.Deploy.0 = Debug|x64
		{8B354394-6A72-4A2F-85AF-9FFDADDC0360}.Debug|ARM64.ActiveCfg = Debug|arm64
		{8B354394-6A72-4A2F-85AF-9FFDADDC0360}.Debug|ARM64.Build.0 = Debug|arm64
		{8B354394-6A72-4A2F-85AF-9FFDADDC0360}.Debug|ARM64.Deploy.0 = Debug|arm64
		{8B354394-6A72-4A2F-85AF-9FFDADDC0360}.Debug|iPhone.ActiveCfg = Debug|x64
		{8B354394-6A72-4A2F-85AF-9FFDADDC0360}.Debug|iPhone.Build.0 = Debug|x64
		{8B354394-6A72-4A2F-85AF-9FFDADDC0360}.Debug|iPhone.Deploy.0 = Debug|x64
		{8B354394-6A72-4A2F-85AF-9FFDADDC0360}.Debug|iPhoneSimulator.ActiveCfg = Debug|x64
		{8B354394-6A72-4A2F-85AF-9FFDADDC0360}.Debug|iPhoneSimulator.Build.0 = Debug|x64
		{8B354394-6A72-4A2F-85AF-9FFDADDC0360}.Debug|iPhoneSimulator.Deploy.0 = Debug|x64
		{8B354394-6A72-4A2F-85AF-9FFDADDC0360}.Debug|x64.ActiveCfg = Debug|x64
		{8B354394-6A72-4A2F-85AF-9FFDADDC0360}.Debug|x64.Build.0 = Debug|x64
		{8B354394-6A72-4A2F-85AF-9FFDADDC0360}.Debug|x86.ActiveCfg = Debug|x86
		{8B354394-6A72-4A2F-85AF-9FFDADDC0360}.Debug|x86.Build.0 = Debug|x86
		{8B354394-6A72-4A2F-85AF-9FFDADDC0360}.Release|Any CPU.ActiveCfg = Release|x64
		{8B354394-6A72-4A2F-85AF-9FFDADDC0360}.Release|Any CPU.Build.0 = Release|x64
		{8B354394-6A72-4A2F-85AF-9FFDADDC0360}.Release|Any CPU.Deploy.0 = Release|x64
		{8B354394-6A72-4A2F-85AF-9FFDADDC0360}.Release|ARM.ActiveCfg = Release|x64
		{8B354394-6A72-4A2F-85AF-9FFDADDC0360}.Release|ARM.Build.0 = Release|x64
		{8B354394-6A72-4A2F-85AF-9FFDADDC0360}.Release|ARM64.ActiveCfg = Release|arm64
		{8B354394-6A72-4A2F-85AF-9FFDADDC0360}.Release|ARM64.Build.0 = Release|arm64
		{8B354394-6A72-4A2F-85AF-9FFDADDC0360}.Release|iPhone.ActiveCfg = Release|x64
		{8B354394-6A72-4A2F-85AF-9FFDADDC0360}.Release|iPhone.Build.0 = Release|x64
		{8B354394-6A72-4A2F-85AF-9FFDADDC0360}.Release|iPhoneSimulator.ActiveCfg = Release|x64
		{8B354394-6A72-4A2F-85AF-9FFDADDC0360}.Release|iPhoneSimulator.Build.0 = Release|x64
		{8B354394-6A72-4A2F-85AF-9FFDADDC0360}.Release|x64.ActiveCfg = Release|x64
		{8B354394-6A72-4A2F-85AF-9FFDADDC0360}.Release|x64.Build.0 = Release|x64
		{8B354394-6A72-4A2F-85AF-9FFDADDC0360}.Release|x86.ActiveCfg = Release|x86
		{8B354394-6A72-4A2F-85AF-9FFDADDC0360}.Release|x86.Build.0 = Release|x86
		{8F1E5355-ACFA-46E3-8E6B-E4AF8902F408}.Debug|Any CPU.ActiveCfg = Debug|Any CPU
		{8F1E5355-ACFA-46E3-8E6B-E4AF8902F408}.Debug|Any CPU.Build.0 = Debug|Any CPU
		{8F1E5355-ACFA-46E3-8E6B-E4AF8902F408}.Debug|ARM.ActiveCfg = Debug|Any CPU
		{8F1E5355-ACFA-46E3-8E6B-E4AF8902F408}.Debug|ARM.Build.0 = Debug|Any CPU
		{8F1E5355-ACFA-46E3-8E6B-E4AF8902F408}.Debug|ARM64.ActiveCfg = Debug|Any CPU
		{8F1E5355-ACFA-46E3-8E6B-E4AF8902F408}.Debug|ARM64.Build.0 = Debug|Any CPU
		{8F1E5355-ACFA-46E3-8E6B-E4AF8902F408}.Debug|iPhone.ActiveCfg = Debug|Any CPU
		{8F1E5355-ACFA-46E3-8E6B-E4AF8902F408}.Debug|iPhone.Build.0 = Debug|Any CPU
		{8F1E5355-ACFA-46E3-8E6B-E4AF8902F408}.Debug|iPhoneSimulator.ActiveCfg = Debug|Any CPU
		{8F1E5355-ACFA-46E3-8E6B-E4AF8902F408}.Debug|iPhoneSimulator.Build.0 = Debug|Any CPU
		{8F1E5355-ACFA-46E3-8E6B-E4AF8902F408}.Debug|x64.ActiveCfg = Debug|Any CPU
		{8F1E5355-ACFA-46E3-8E6B-E4AF8902F408}.Debug|x64.Build.0 = Debug|Any CPU
		{8F1E5355-ACFA-46E3-8E6B-E4AF8902F408}.Debug|x86.ActiveCfg = Debug|Any CPU
		{8F1E5355-ACFA-46E3-8E6B-E4AF8902F408}.Debug|x86.Build.0 = Debug|Any CPU
		{8F1E5355-ACFA-46E3-8E6B-E4AF8902F408}.Release|Any CPU.ActiveCfg = Release|Any CPU
		{8F1E5355-ACFA-46E3-8E6B-E4AF8902F408}.Release|Any CPU.Build.0 = Release|Any CPU
		{8F1E5355-ACFA-46E3-8E6B-E4AF8902F408}.Release|ARM.ActiveCfg = Release|Any CPU
		{8F1E5355-ACFA-46E3-8E6B-E4AF8902F408}.Release|ARM.Build.0 = Release|Any CPU
		{8F1E5355-ACFA-46E3-8E6B-E4AF8902F408}.Release|ARM64.ActiveCfg = Release|Any CPU
		{8F1E5355-ACFA-46E3-8E6B-E4AF8902F408}.Release|ARM64.Build.0 = Release|Any CPU
		{8F1E5355-ACFA-46E3-8E6B-E4AF8902F408}.Release|iPhone.ActiveCfg = Release|Any CPU
		{8F1E5355-ACFA-46E3-8E6B-E4AF8902F408}.Release|iPhone.Build.0 = Release|Any CPU
		{8F1E5355-ACFA-46E3-8E6B-E4AF8902F408}.Release|iPhoneSimulator.ActiveCfg = Release|Any CPU
		{8F1E5355-ACFA-46E3-8E6B-E4AF8902F408}.Release|iPhoneSimulator.Build.0 = Release|Any CPU
		{8F1E5355-ACFA-46E3-8E6B-E4AF8902F408}.Release|x64.ActiveCfg = Release|Any CPU
		{8F1E5355-ACFA-46E3-8E6B-E4AF8902F408}.Release|x64.Build.0 = Release|Any CPU
		{8F1E5355-ACFA-46E3-8E6B-E4AF8902F408}.Release|x86.ActiveCfg = Release|Any CPU
		{8F1E5355-ACFA-46E3-8E6B-E4AF8902F408}.Release|x86.Build.0 = Release|Any CPU
		{1E81BD0F-64CA-4164-8BC4-F3DFBE6138E9}.Debug|Any CPU.ActiveCfg = Debug|Any CPU
		{1E81BD0F-64CA-4164-8BC4-F3DFBE6138E9}.Debug|Any CPU.Build.0 = Debug|Any CPU
		{1E81BD0F-64CA-4164-8BC4-F3DFBE6138E9}.Debug|ARM.ActiveCfg = Debug|Any CPU
		{1E81BD0F-64CA-4164-8BC4-F3DFBE6138E9}.Debug|ARM.Build.0 = Debug|Any CPU
		{1E81BD0F-64CA-4164-8BC4-F3DFBE6138E9}.Debug|ARM64.ActiveCfg = Debug|Any CPU
		{1E81BD0F-64CA-4164-8BC4-F3DFBE6138E9}.Debug|ARM64.Build.0 = Debug|Any CPU
		{1E81BD0F-64CA-4164-8BC4-F3DFBE6138E9}.Debug|iPhone.ActiveCfg = Debug|Any CPU
		{1E81BD0F-64CA-4164-8BC4-F3DFBE6138E9}.Debug|iPhone.Build.0 = Debug|Any CPU
		{1E81BD0F-64CA-4164-8BC4-F3DFBE6138E9}.Debug|iPhoneSimulator.ActiveCfg = Debug|Any CPU
		{1E81BD0F-64CA-4164-8BC4-F3DFBE6138E9}.Debug|iPhoneSimulator.Build.0 = Debug|Any CPU
		{1E81BD0F-64CA-4164-8BC4-F3DFBE6138E9}.Debug|x64.ActiveCfg = Debug|Any CPU
		{1E81BD0F-64CA-4164-8BC4-F3DFBE6138E9}.Debug|x64.Build.0 = Debug|Any CPU
		{1E81BD0F-64CA-4164-8BC4-F3DFBE6138E9}.Debug|x86.ActiveCfg = Debug|Any CPU
		{1E81BD0F-64CA-4164-8BC4-F3DFBE6138E9}.Debug|x86.Build.0 = Debug|Any CPU
		{1E81BD0F-64CA-4164-8BC4-F3DFBE6138E9}.Release|Any CPU.ActiveCfg = Release|Any CPU
		{1E81BD0F-64CA-4164-8BC4-F3DFBE6138E9}.Release|Any CPU.Build.0 = Release|Any CPU
		{1E81BD0F-64CA-4164-8BC4-F3DFBE6138E9}.Release|ARM.ActiveCfg = Release|Any CPU
		{1E81BD0F-64CA-4164-8BC4-F3DFBE6138E9}.Release|ARM.Build.0 = Release|Any CPU
		{1E81BD0F-64CA-4164-8BC4-F3DFBE6138E9}.Release|ARM64.ActiveCfg = Release|Any CPU
		{1E81BD0F-64CA-4164-8BC4-F3DFBE6138E9}.Release|ARM64.Build.0 = Release|Any CPU
		{1E81BD0F-64CA-4164-8BC4-F3DFBE6138E9}.Release|iPhone.ActiveCfg = Release|Any CPU
		{1E81BD0F-64CA-4164-8BC4-F3DFBE6138E9}.Release|iPhone.Build.0 = Release|Any CPU
		{1E81BD0F-64CA-4164-8BC4-F3DFBE6138E9}.Release|iPhoneSimulator.ActiveCfg = Release|Any CPU
		{1E81BD0F-64CA-4164-8BC4-F3DFBE6138E9}.Release|iPhoneSimulator.Build.0 = Release|Any CPU
		{1E81BD0F-64CA-4164-8BC4-F3DFBE6138E9}.Release|x64.ActiveCfg = Release|Any CPU
		{1E81BD0F-64CA-4164-8BC4-F3DFBE6138E9}.Release|x64.Build.0 = Release|Any CPU
		{1E81BD0F-64CA-4164-8BC4-F3DFBE6138E9}.Release|x86.ActiveCfg = Release|Any CPU
		{1E81BD0F-64CA-4164-8BC4-F3DFBE6138E9}.Release|x86.Build.0 = Release|Any CPU
		{F70B003B-F8E5-49CE-A3B6-DB8454AB9F78}.Debug|Any CPU.ActiveCfg = Debug|Any CPU
		{F70B003B-F8E5-49CE-A3B6-DB8454AB9F78}.Debug|Any CPU.Build.0 = Debug|Any CPU
		{F70B003B-F8E5-49CE-A3B6-DB8454AB9F78}.Debug|ARM.ActiveCfg = Debug|Any CPU
		{F70B003B-F8E5-49CE-A3B6-DB8454AB9F78}.Debug|ARM.Build.0 = Debug|Any CPU
		{F70B003B-F8E5-49CE-A3B6-DB8454AB9F78}.Debug|ARM64.ActiveCfg = Debug|Any CPU
		{F70B003B-F8E5-49CE-A3B6-DB8454AB9F78}.Debug|ARM64.Build.0 = Debug|Any CPU
		{F70B003B-F8E5-49CE-A3B6-DB8454AB9F78}.Debug|iPhone.ActiveCfg = Debug|Any CPU
		{F70B003B-F8E5-49CE-A3B6-DB8454AB9F78}.Debug|iPhone.Build.0 = Debug|Any CPU
		{F70B003B-F8E5-49CE-A3B6-DB8454AB9F78}.Debug|iPhoneSimulator.ActiveCfg = Debug|Any CPU
		{F70B003B-F8E5-49CE-A3B6-DB8454AB9F78}.Debug|iPhoneSimulator.Build.0 = Debug|Any CPU
		{F70B003B-F8E5-49CE-A3B6-DB8454AB9F78}.Debug|x64.ActiveCfg = Debug|Any CPU
		{F70B003B-F8E5-49CE-A3B6-DB8454AB9F78}.Debug|x64.Build.0 = Debug|Any CPU
		{F70B003B-F8E5-49CE-A3B6-DB8454AB9F78}.Debug|x86.ActiveCfg = Debug|Any CPU
		{F70B003B-F8E5-49CE-A3B6-DB8454AB9F78}.Debug|x86.Build.0 = Debug|Any CPU
		{F70B003B-F8E5-49CE-A3B6-DB8454AB9F78}.Release|Any CPU.ActiveCfg = Release|Any CPU
		{F70B003B-F8E5-49CE-A3B6-DB8454AB9F78}.Release|Any CPU.Build.0 = Release|Any CPU
		{F70B003B-F8E5-49CE-A3B6-DB8454AB9F78}.Release|ARM.ActiveCfg = Release|Any CPU
		{F70B003B-F8E5-49CE-A3B6-DB8454AB9F78}.Release|ARM.Build.0 = Release|Any CPU
		{F70B003B-F8E5-49CE-A3B6-DB8454AB9F78}.Release|ARM64.ActiveCfg = Release|Any CPU
		{F70B003B-F8E5-49CE-A3B6-DB8454AB9F78}.Release|ARM64.Build.0 = Release|Any CPU
		{F70B003B-F8E5-49CE-A3B6-DB8454AB9F78}.Release|iPhone.ActiveCfg = Release|Any CPU
		{F70B003B-F8E5-49CE-A3B6-DB8454AB9F78}.Release|iPhone.Build.0 = Release|Any CPU
		{F70B003B-F8E5-49CE-A3B6-DB8454AB9F78}.Release|iPhoneSimulator.ActiveCfg = Release|Any CPU
		{F70B003B-F8E5-49CE-A3B6-DB8454AB9F78}.Release|iPhoneSimulator.Build.0 = Release|Any CPU
		{F70B003B-F8E5-49CE-A3B6-DB8454AB9F78}.Release|x64.ActiveCfg = Release|Any CPU
		{F70B003B-F8E5-49CE-A3B6-DB8454AB9F78}.Release|x64.Build.0 = Release|Any CPU
		{F70B003B-F8E5-49CE-A3B6-DB8454AB9F78}.Release|x86.ActiveCfg = Release|Any CPU
		{F70B003B-F8E5-49CE-A3B6-DB8454AB9F78}.Release|x86.Build.0 = Release|Any CPU
		{C7A9B601-A289-4CE0-927E-21A3C9393931}.Debug|Any CPU.ActiveCfg = Debug|Any CPU
		{C7A9B601-A289-4CE0-927E-21A3C9393931}.Debug|Any CPU.Build.0 = Debug|Any CPU
		{C7A9B601-A289-4CE0-927E-21A3C9393931}.Debug|ARM.ActiveCfg = Debug|Any CPU
		{C7A9B601-A289-4CE0-927E-21A3C9393931}.Debug|ARM.Build.0 = Debug|Any CPU
		{C7A9B601-A289-4CE0-927E-21A3C9393931}.Debug|ARM64.ActiveCfg = Debug|Any CPU
		{C7A9B601-A289-4CE0-927E-21A3C9393931}.Debug|ARM64.Build.0 = Debug|Any CPU
		{C7A9B601-A289-4CE0-927E-21A3C9393931}.Debug|iPhone.ActiveCfg = Debug|Any CPU
		{C7A9B601-A289-4CE0-927E-21A3C9393931}.Debug|iPhone.Build.0 = Debug|Any CPU
		{C7A9B601-A289-4CE0-927E-21A3C9393931}.Debug|iPhoneSimulator.ActiveCfg = Debug|Any CPU
		{C7A9B601-A289-4CE0-927E-21A3C9393931}.Debug|iPhoneSimulator.Build.0 = Debug|Any CPU
		{C7A9B601-A289-4CE0-927E-21A3C9393931}.Debug|x64.ActiveCfg = Debug|Any CPU
		{C7A9B601-A289-4CE0-927E-21A3C9393931}.Debug|x64.Build.0 = Debug|Any CPU
		{C7A9B601-A289-4CE0-927E-21A3C9393931}.Debug|x86.ActiveCfg = Debug|Any CPU
		{C7A9B601-A289-4CE0-927E-21A3C9393931}.Debug|x86.Build.0 = Debug|Any CPU
		{C7A9B601-A289-4CE0-927E-21A3C9393931}.Release|Any CPU.ActiveCfg = Release|Any CPU
		{C7A9B601-A289-4CE0-927E-21A3C9393931}.Release|Any CPU.Build.0 = Release|Any CPU
		{C7A9B601-A289-4CE0-927E-21A3C9393931}.Release|ARM.ActiveCfg = Release|Any CPU
		{C7A9B601-A289-4CE0-927E-21A3C9393931}.Release|ARM.Build.0 = Release|Any CPU
		{C7A9B601-A289-4CE0-927E-21A3C9393931}.Release|ARM64.ActiveCfg = Release|Any CPU
		{C7A9B601-A289-4CE0-927E-21A3C9393931}.Release|ARM64.Build.0 = Release|Any CPU
		{C7A9B601-A289-4CE0-927E-21A3C9393931}.Release|iPhone.ActiveCfg = Release|Any CPU
		{C7A9B601-A289-4CE0-927E-21A3C9393931}.Release|iPhone.Build.0 = Release|Any CPU
		{C7A9B601-A289-4CE0-927E-21A3C9393931}.Release|iPhoneSimulator.ActiveCfg = Release|Any CPU
		{C7A9B601-A289-4CE0-927E-21A3C9393931}.Release|iPhoneSimulator.Build.0 = Release|Any CPU
		{C7A9B601-A289-4CE0-927E-21A3C9393931}.Release|x64.ActiveCfg = Release|Any CPU
		{C7A9B601-A289-4CE0-927E-21A3C9393931}.Release|x64.Build.0 = Release|Any CPU
		{C7A9B601-A289-4CE0-927E-21A3C9393931}.Release|x86.ActiveCfg = Release|Any CPU
		{C7A9B601-A289-4CE0-927E-21A3C9393931}.Release|x86.Build.0 = Release|Any CPU
		{DA733F8B-9D76-4766-85E8-67DBF11D38E4}.Debug|Any CPU.ActiveCfg = Debug|Any CPU
		{DA733F8B-9D76-4766-85E8-67DBF11D38E4}.Debug|Any CPU.Build.0 = Debug|Any CPU
		{DA733F8B-9D76-4766-85E8-67DBF11D38E4}.Debug|ARM.ActiveCfg = Debug|Any CPU
		{DA733F8B-9D76-4766-85E8-67DBF11D38E4}.Debug|ARM.Build.0 = Debug|Any CPU
		{DA733F8B-9D76-4766-85E8-67DBF11D38E4}.Debug|ARM64.ActiveCfg = Debug|Any CPU
		{DA733F8B-9D76-4766-85E8-67DBF11D38E4}.Debug|ARM64.Build.0 = Debug|Any CPU
		{DA733F8B-9D76-4766-85E8-67DBF11D38E4}.Debug|iPhone.ActiveCfg = Debug|Any CPU
		{DA733F8B-9D76-4766-85E8-67DBF11D38E4}.Debug|iPhone.Build.0 = Debug|Any CPU
		{DA733F8B-9D76-4766-85E8-67DBF11D38E4}.Debug|iPhoneSimulator.ActiveCfg = Debug|Any CPU
		{DA733F8B-9D76-4766-85E8-67DBF11D38E4}.Debug|iPhoneSimulator.Build.0 = Debug|Any CPU
		{DA733F8B-9D76-4766-85E8-67DBF11D38E4}.Debug|x64.ActiveCfg = Debug|Any CPU
		{DA733F8B-9D76-4766-85E8-67DBF11D38E4}.Debug|x64.Build.0 = Debug|Any CPU
		{DA733F8B-9D76-4766-85E8-67DBF11D38E4}.Debug|x86.ActiveCfg = Debug|Any CPU
		{DA733F8B-9D76-4766-85E8-67DBF11D38E4}.Debug|x86.Build.0 = Debug|Any CPU
		{DA733F8B-9D76-4766-85E8-67DBF11D38E4}.Release|Any CPU.ActiveCfg = Release|Any CPU
		{DA733F8B-9D76-4766-85E8-67DBF11D38E4}.Release|Any CPU.Build.0 = Release|Any CPU
		{DA733F8B-9D76-4766-85E8-67DBF11D38E4}.Release|ARM.ActiveCfg = Release|Any CPU
		{DA733F8B-9D76-4766-85E8-67DBF11D38E4}.Release|ARM.Build.0 = Release|Any CPU
		{DA733F8B-9D76-4766-85E8-67DBF11D38E4}.Release|ARM64.ActiveCfg = Release|Any CPU
		{DA733F8B-9D76-4766-85E8-67DBF11D38E4}.Release|ARM64.Build.0 = Release|Any CPU
		{DA733F8B-9D76-4766-85E8-67DBF11D38E4}.Release|iPhone.ActiveCfg = Release|Any CPU
		{DA733F8B-9D76-4766-85E8-67DBF11D38E4}.Release|iPhone.Build.0 = Release|Any CPU
		{DA733F8B-9D76-4766-85E8-67DBF11D38E4}.Release|iPhoneSimulator.ActiveCfg = Release|Any CPU
		{DA733F8B-9D76-4766-85E8-67DBF11D38E4}.Release|iPhoneSimulator.Build.0 = Release|Any CPU
		{DA733F8B-9D76-4766-85E8-67DBF11D38E4}.Release|x64.ActiveCfg = Release|Any CPU
		{DA733F8B-9D76-4766-85E8-67DBF11D38E4}.Release|x64.Build.0 = Release|Any CPU
		{DA733F8B-9D76-4766-85E8-67DBF11D38E4}.Release|x86.ActiveCfg = Release|Any CPU
		{DA733F8B-9D76-4766-85E8-67DBF11D38E4}.Release|x86.Build.0 = Release|Any CPU
	EndGlobalSection
	GlobalSection(SolutionProperties) = preSolution
		HideSolutionNode = FALSE
	EndGlobalSection
	GlobalSection(NestedProjects) = preSolution
		{185D6C12-0557-43D2-9352-DA55B1E64427} = {A649305A-C80C-499C-A516-E3E0677DBCD0}
		{11703212-DDB9-43ED-A7DD-B4BF2778E9A1} = {A649305A-C80C-499C-A516-E3E0677DBCD0}
		{9DECFDF3-2869-4045-8691-0C560A1384C9} = {A649305A-C80C-499C-A516-E3E0677DBCD0}
		{2189102C-8698-4760-A2C5-ADED686F84E2} = {185D6C12-0557-43D2-9352-DA55B1E64427}
		{54633548-33EA-4294-95E4-E20BEBEDAA3E} = {185D6C12-0557-43D2-9352-DA55B1E64427}
		{8B354394-6A72-4A2F-85AF-9FFDADDC0360} = {185D6C12-0557-43D2-9352-DA55B1E64427}
		{8F1E5355-ACFA-46E3-8E6B-E4AF8902F408} = {11703212-DDB9-43ED-A7DD-B4BF2778E9A1}
		{1E81BD0F-64CA-4164-8BC4-F3DFBE6138E9} = {A649305A-C80C-499C-A516-E3E0677DBCD0}
		{F70B003B-F8E5-49CE-A3B6-DB8454AB9F78} = {A649305A-C80C-499C-A516-E3E0677DBCD0}
		{C7A9B601-A289-4CE0-927E-21A3C9393931} = {53762EC9-8267-44D3-983A-FE02B546BC8D}
		{DA733F8B-9D76-4766-85E8-67DBF11D38E4} = {53762EC9-8267-44D3-983A-FE02B546BC8D}
	EndGlobalSection
	GlobalSection(ExtensibilityGlobals) = postSolution
		SolutionGuid = {AD177483-FEE6-45B8-8E7B-0C19C16C45EB}
	EndGlobalSection
EndGlobal
